
Microsoft Visual Studio Solution File, Format Version 12.00
# Visual Studio Version 17
VisualStudioVersion = 17.2.32616.157
MinimumVisualStudioVersion = 10.0.40219.1
Project("{FAE04EC0-301F-11D3-BF4B-00C04F79EFBC}") = "API.Identity", "API.Identity.csproj", "{976D138D-913F-40AE-B94F-4AC9039B97F8}"
EndProject
Global
	GlobalSection(SolutionConfigurationPlatforms) = preSolution
		Debug|Any CPU = Debug|Any CPU
		Release|Any CPU = Release|Any CPU
	EndGlobalSection
	GlobalSection(ProjectConfigurationPlatforms) = postSolution
		{976D138D-913F-40AE-B94F-4AC9039B97F8}.Debug|Any CPU.ActiveCfg = Debug|Any CPU
		{976D138D-913F-40AE-B94F-4AC9039B97F8}.Debug|Any CPU.Build.0 = Debug|Any CPU
		{976D138D-913F-40AE-B94F-4AC9039B97F8}.Release|Any CPU.ActiveCfg = Release|Any CPU
		{976D138D-913F-40AE-B94F-4AC9039B97F8}.Release|Any CPU.Build.0 = Release|Any CPU
	EndGlobalSection
	GlobalSection(SolutionProperties) = preSolution
		HideSolutionNode = FALSE
	EndGlobalSection
	GlobalSection(ExtensibilityGlobals) = postSolution
		SolutionGuid = {A105033B-12CF-4745-A4D3-59B60BAD9189}
	EndGlobalSection
EndGlobal
