
Microsoft Visual Studio Solution File, Format Version 12.00
# Visual Studio Version 17
VisualStudioVersion = 17.1.32328.378
MinimumVisualStudioVersion = 10.0.40219.1
Project("{9A19103F-16F7-4668-BE54-9A1E7A4F7556}") = "Library.API", "API\Library.API\Library.API.csproj", "{DCC96C3D-883D-4552-9A4B-E9A8EDB96226}"
EndProject
Project("{2150E333-8FDC-42A3-9474-1A3956D46DE8}") = "API", "API", "{1610ECE2-5AF4-44DA-A0D2-B8E5D1D16ED9}"
EndProject
Project("{9A19103F-16F7-4668-BE54-9A1E7A4F7556}") = "Library.API.Models", "API\Library.API.Models\Library.API.Models.csproj", "{B62DBACB-6414-45BD-BBDB-1AD28186EEA3}"
EndProject
Project("{2150E333-8FDC-42A3-9474-1A3956D46DE8}") = "Application", "Application", "{13C71959-049E-4CB9-9B36-E4AF0B6DDC43}"
EndProject
Project("{2150E333-8FDC-42A3-9474-1A3956D46DE8}") = "Infrastructure", "Infrastructure", "{1805F9FB-B5FF-46E2-BC73-59E5B43E6782}"
EndProject
Project("{2150E333-8FDC-42A3-9474-1A3956D46DE8}") = "Tests", "Tests", "{5636F175-43CA-4757-AF6F-2D8B7D8D2FC0}"
EndProject
Project("{9A19103F-16F7-4668-BE54-9A1E7A4F7556}") = "Library.Infrastructure", "Infrastructure\Library.Infrastructure\Library.Infrastructure.csproj", "{F8762ED6-3B5C-44D0-9033-78E7C5A1A0D8}"
EndProject
Project("{9A19103F-16F7-4668-BE54-9A1E7A4F7556}") = "Library.Application", "Application\Library.Application\Library.Application.csproj", "{518FC85D-FD19-4FAE-8CA9-534EEE7C18A9}"
EndProject
Project("{9A19103F-16F7-4668-BE54-9A1E7A4F7556}") = "Library.Tests.Specs", "Tests\Library.Tests.Specs\Library.Tests.Specs.csproj", "{3A92D067-B5D6-460B-8850-5AC23D6E9AF5}"
EndProject
Project("{2150E333-8FDC-42A3-9474-1A3956D46DE8}") = "Éléments de solution", "Éléments de solution", "{8B154524-8B5B-43E2-A14A-6D3589C9D98C}"
	ProjectSection(SolutionItems) = preProject
		.editorconfig = .editorconfig
	EndProjectSection
EndProject
Global
	GlobalSection(SolutionConfigurationPlatforms) = preSolution
		Debug|Any CPU = Debug|Any CPU
		Release|Any CPU = Release|Any CPU
	EndGlobalSection
	GlobalSection(ProjectConfigurationPlatforms) = postSolution
		{DCC96C3D-883D-4552-9A4B-E9A8EDB96226}.Debug|Any CPU.ActiveCfg = Debug|Any CPU
		{DCC96C3D-883D-4552-9A4B-E9A8EDB96226}.Debug|Any CPU.Build.0 = Debug|Any CPU
		{DCC96C3D-883D-4552-9A4B-E9A8EDB96226}.Release|Any CPU.ActiveCfg = Release|Any CPU
		{DCC96C3D-883D-4552-9A4B-E9A8EDB96226}.Release|Any CPU.Build.0 = Release|Any CPU
		{B62DBACB-6414-45BD-BBDB-1AD28186EEA3}.Debug|Any CPU.ActiveCfg = Debug|Any CPU
		{B62DBACB-6414-45BD-BBDB-1AD28186EEA3}.Debug|Any CPU.Build.0 = Debug|Any CPU
		{B62DBACB-6414-45BD-BBDB-1AD28186EEA3}.Release|Any CPU.ActiveCfg = Release|Any CPU
		{B62DBACB-6414-45BD-BBDB-1AD28186EEA3}.Release|Any CPU.Build.0 = Release|Any CPU
		{F8762ED6-3B5C-44D0-9033-78E7C5A1A0D8}.Debug|Any CPU.ActiveCfg = Debug|Any CPU
		{F8762ED6-3B5C-44D0-9033-78E7C5A1A0D8}.Debug|Any CPU.Build.0 = Debug|Any CPU
		{F8762ED6-3B5C-44D0-9033-78E7C5A1A0D8}.Release|Any CPU.ActiveCfg = Release|Any CPU
		{F8762ED6-3B5C-44D0-9033-78E7C5A1A0D8}.Release|Any CPU.Build.0 = Release|Any CPU
		{518FC85D-FD19-4FAE-8CA9-534EEE7C18A9}.Debug|Any CPU.ActiveCfg = Debug|Any CPU
		{518FC85D-FD19-4FAE-8CA9-534EEE7C18A9}.Debug|Any CPU.Build.0 = Debug|Any CPU
		{518FC85D-FD19-4FAE-8CA9-534EEE7C18A9}.Release|Any CPU.ActiveCfg = Release|Any CPU
		{518FC85D-FD19-4FAE-8CA9-534EEE7C18A9}.Release|Any CPU.Build.0 = Release|Any CPU
		{3A92D067-B5D6-460B-8850-5AC23D6E9AF5}.Debug|Any CPU.ActiveCfg = Debug|Any CPU
		{3A92D067-B5D6-460B-8850-5AC23D6E9AF5}.Debug|Any CPU.Build.0 = Debug|Any CPU
		{3A92D067-B5D6-460B-8850-5AC23D6E9AF5}.Release|Any CPU.ActiveCfg = Release|Any CPU
		{3A92D067-B5D6-460B-8850-5AC23D6E9AF5}.Release|Any CPU.Build.0 = Release|Any CPU
	EndGlobalSection
	GlobalSection(SolutionProperties) = preSolution
		HideSolutionNode = FALSE
	EndGlobalSection
	GlobalSection(NestedProjects) = preSolution
		{DCC96C3D-883D-4552-9A4B-E9A8EDB96226} = {1610ECE2-5AF4-44DA-A0D2-B8E5D1D16ED9}
		{B62DBACB-6414-45BD-BBDB-1AD28186EEA3} = {1610ECE2-5AF4-44DA-A0D2-B8E5D1D16ED9}
		{F8762ED6-3B5C-44D0-9033-78E7C5A1A0D8} = {1805F9FB-B5FF-46E2-BC73-59E5B43E6782}
		{518FC85D-FD19-4FAE-8CA9-534EEE7C18A9} = {13C71959-049E-4CB9-9B36-E4AF0B6DDC43}
		{3A92D067-B5D6-460B-8850-5AC23D6E9AF5} = {5636F175-43CA-4757-AF6F-2D8B7D8D2FC0}
	EndGlobalSection
	GlobalSection(ExtensibilityGlobals) = postSolution
		SolutionGuid = {90C30E3A-79DE-4459-98F6-7B0251C55A49}
	EndGlobalSection
EndGlobal
